
Microsoft Visual Studio Solution File, Format Version 12.00
# Visual Studio Version 17
VisualStudioVersion = 17.12.35410.144 d17.12
MinimumVisualStudioVersion = 10.0.40219.1
Project("{FAE04EC0-301F-11D3-BF4B-00C04F79EFBC}") = "Company.Product.ComponentA", "Company.Product.ComponentA\Company.Product.ComponentA.csproj", "{ABC97F2D-7C97-47EC-850F-09B8CE4414B4}"
EndProject
Project("{FAE04EC0-301F-11D3-BF4B-00C04F79EFBC}") = "Company.Product.NetFx.WebApi", "Company.Product.NetFx.WebApi\Company.Product.NetFx.WebApi.csproj", "{0897A531-E7B9-4888-ACD1-68620C1B47D0}"
EndProject
Global
	GlobalSection(SolutionConfigurationPlatforms) = preSolution
		Debug|Any CPU = Debug|Any CPU
		Release|Any CPU = Release|Any CPU
	EndGlobalSection
	GlobalSection(ProjectConfigurationPlatforms) = postSolution
		{ABC97F2D-7C97-47EC-850F-09B8CE4414B4}.Debug|Any CPU.ActiveCfg = Debug|Any CPU
		{ABC97F2D-7C97-47EC-850F-09B8CE4414B4}.Debug|Any CPU.Build.0 = Debug|Any CPU
		{ABC97F2D-7C97-47EC-850F-09B8CE4414B4}.Release|Any CPU.ActiveCfg = Release|Any CPU
		{ABC97F2D-7C97-47EC-850F-09B8CE4414B4}.Release|Any CPU.Build.0 = Release|Any CPU
		{0897A531-E7B9-4888-ACD1-68620C1B47D0}.Debug|Any CPU.ActiveCfg = Debug|Any CPU
		{0897A531-E7B9-4888-ACD1-68620C1B47D0}.Debug|Any CPU.Build.0 = Debug|Any CPU
		{0897A531-E7B9-4888-ACD1-68620C1B47D0}.Release|Any CPU.ActiveCfg = Release|Any CPU
		{0897A531-E7B9-4888-ACD1-68620C1B47D0}.Release|Any CPU.Build.0 = Release|Any CPU
	EndGlobalSection
	GlobalSection(SolutionProperties) = preSolution
		HideSolutionNode = FALSE
	EndGlobalSection
EndGlobal
