
Microsoft Visual Studio Solution File, Format Version 12.00
# Visual Studio Version 17
VisualStudioVersion = 17.1.32210.238
MinimumVisualStudioVersion = 10.0.40219.1
Project("{2150E333-8FDC-42A3-9474-1A3956D46DE8}") = "Build", "Build", "{92F65356-6903-41EF-B1C3-76DAA09977D2}"
	ProjectSection(SolutionItems) = preProject
		.editorconfig = .editorconfig
		Directory.Build.props = Directory.Build.props
		GlobalAssemblyInfo.cs = GlobalAssemblyInfo.cs
	EndProjectSection
EndProject
Project("{9A19103F-16F7-4668-BE54-9A1E7A4F7556}") = "Company.Product.ComponentA", "Company.Product.ComponentA\Company.Product.ComponentA.csproj", "{3A526511-9225-4738-B554-FBF6A3B6A5ED}"
EndProject
Project("{9A19103F-16F7-4668-BE54-9A1E7A4F7556}") = "Company.Product.ComponentB", "Company.Product.ComponentB\Company.Product.ComponentB.csproj", "{A56C093E-9F11-4579-9655-B8A7F640CAC7}"
EndProject
Project("{FAE04EC0-301F-11D3-BF4B-00C04F79EFBC}") = "Company.Product.NetFx.WebApi", "Company.Product.NetFx.WebApi\Company.Product.NetFx.WebApi.csproj", "{4B313CC0-1761-4A13-994C-A62A04D61577}"
EndProject
Project("{9A19103F-16F7-4668-BE54-9A1E7A4F7556}") = "Company.Product.NetCore.WebApi", "Company.Product.NetCore.WebApi\Company.Product.NetCore.WebApi.csproj", "{FF10E09C-F878-4183-B8CA-00465A4213C2}"
EndProject
Global
	GlobalSection(SolutionConfigurationPlatforms) = preSolution
		Debug|Any CPU = Debug|Any CPU
		Release|Any CPU = Release|Any CPU
	EndGlobalSection
	GlobalSection(ProjectConfigurationPlatforms) = postSolution
		{3A526511-9225-4738-B554-FBF6A3B6A5ED}.Debug|Any CPU.ActiveCfg = Debug|Any CPU
		{3A526511-9225-4738-B554-FBF6A3B6A5ED}.Debug|Any CPU.Build.0 = Debug|Any CPU
		{3A526511-9225-4738-B554-FBF6A3B6A5ED}.Release|Any CPU.ActiveCfg = Release|Any CPU
		{3A526511-9225-4738-B554-FBF6A3B6A5ED}.Release|Any CPU.Build.0 = Release|Any CPU
		{A56C093E-9F11-4579-9655-B8A7F640CAC7}.Debug|Any CPU.ActiveCfg = Debug|Any CPU
		{A56C093E-9F11-4579-9655-B8A7F640CAC7}.Debug|Any CPU.Build.0 = Debug|Any CPU
		{A56C093E-9F11-4579-9655-B8A7F640CAC7}.Release|Any CPU.ActiveCfg = Release|Any CPU
		{A56C093E-9F11-4579-9655-B8A7F640CAC7}.Release|Any CPU.Build.0 = Release|Any CPU
		{4B313CC0-1761-4A13-994C-A62A04D61577}.Debug|Any CPU.ActiveCfg = Debug|Any CPU
		{4B313CC0-1761-4A13-994C-A62A04D61577}.Debug|Any CPU.Build.0 = Debug|Any CPU
		{4B313CC0-1761-4A13-994C-A62A04D61577}.Release|Any CPU.ActiveCfg = Release|Any CPU
		{4B313CC0-1761-4A13-994C-A62A04D61577}.Release|Any CPU.Build.0 = Release|Any CPU
		{FF10E09C-F878-4183-B8CA-00465A4213C2}.Debug|Any CPU.ActiveCfg = Debug|Any CPU
		{FF10E09C-F878-4183-B8CA-00465A4213C2}.Debug|Any CPU.Build.0 = Debug|Any CPU
		{FF10E09C-F878-4183-B8CA-00465A4213C2}.Release|Any CPU.ActiveCfg = Release|Any CPU
		{FF10E09C-F878-4183-B8CA-00465A4213C2}.Release|Any CPU.Build.0 = Release|Any CPU
	EndGlobalSection
	GlobalSection(SolutionProperties) = preSolution
		HideSolutionNode = FALSE
	EndGlobalSection
	GlobalSection(ExtensibilityGlobals) = postSolution
		SolutionGuid = {00158B6B-2DF8-43A1-8AF4-CAA667567660}
	EndGlobalSection
EndGlobal
